github.com/go-opentype/fonts v0.10.0 h1:9f7ik795SlBEJjz6iqBE/ZV2PaTauAj537MMWw9t4OQ=
github.com/go-opentype/fonts v0.10.0/go.mod h1:b+o8v1zDZ6B3GixA398jGILAh09+WwfyoYz52zKe7DA=
github.com/go-opentype/opentype v0.13.0 h1:q9K7IGDfwMP/ik51ZkwiYf6jbaqPfocvAIuojetd0UQ=
github.com/go-opentype/opentype v0.13.0/go.mod h1:AOixevJf7XQaH7+WG+OMIOZEbYPXfMqklVk26Y6YTUU=
github.com/go-pdfkit/extract v0.5.0 h1:5q6YMf1xbmmplaU0hopjedEHsoDsXYpxOYbdNCK7w0c=
github.com/go-pdfkit/extract v0.5.0/go.mod h1:OWM4U1z/I6QiXt6wS62dcpki5FARI9dPeKwl/hsP+7U=
github.com/go-pdfkit/pdffont v0.3.1 h1:+K7opHGRERDZ5EMkA12s1GT48t8GpncArhnyzyc5bxU=
github.com/go-pdfkit/pdffont v0.3.1/go.mod h1:eFJ/7t9AvcX76KY5qNJMMKetz8hUUUdVM1qSWLi3S1g=
github.com/go-pdfkit/reader v0.7.0 h1:+Fz5i8Zq6beBpTc3pNTbJ3Qf14aroA5txgeVzVGLTSY=
github.com/go-pdfkit/reader v0.7.0/go.mod h1:EYHHREPKT/orDzlGiFPnPVPPuaRDLiAYezIr0cCFXaA=
